{
  "name": "RPGCardGame",
  "lockfileVersion": 3,
  "requires": true,
  "packages": {
    "": {
      "dependencies": {
        "card-factory": "^1.0.14"
      }
    },
    "node_modules/card-factory": {
      "version": "1.0.14",
      "resolved": "https://registry.npmjs.org/card-factory/-/card-factory-1.0.14.tgz",
      "integrity": "sha512-6AILIYt459xFEPjpBtrX+GlPWwoCYVLckVZUHXGUxRJDRWrc212JM5giznYDjpxnZHXbn1xHlaZjG815YJxIqA==",
      "license": "ISC"
    }
  }
}
